
Microsoft Visual Studio Solution File, Format Version 11.00
# Visual Studio 2010
Project("{FAE04EC0-301F-11D3-BF4B-00C04F79EFBC}") = "LotterySpider.DataBase", "LotterySpider.DataBase\LotterySpider.DataBase.csproj", "{A6F045E6-268A-4BAE-891F-B14EAAE9DEBD}"
EndProject
Project("{FAE04EC0-301F-11D3-BF4B-00C04F79EFBC}") = "LotterySpider", "LotterySpider\LotterySpider.csproj", "{31E07C1F-8D93-490F-8CBC-0254994C724B}"
EndProject
Project("{FAE04EC0-301F-11D3-BF4B-00C04F79EFBC}") = "LotterySpider.Business", "LotterySpider.Business\LotterySpider.Business.csproj", "{11C00DCD-5984-431A-A094-B1CC13221FDF}"
EndProject
Global
	GlobalSection(SolutionConfigurationPlatforms) = preSolution
		Debug|Any CPU = Debug|Any CPU
		Debug|Mixed Platforms = Debug|Mixed Platforms
		Debug|x86 = Debug|x86
		Release|Any CPU = Release|Any CPU
		Release|Mixed Platforms = Release|Mixed Platforms
		Release|x86 = Release|x86
	EndGlobalSection
	GlobalSection(ProjectConfigurationPlatforms) = postSolution
		{A6F045E6-268A-4BAE-891F-B14EAAE9DEBD}.Debug|Any CPU.ActiveCfg = Debug|Any CPU
		{A6F045E6-268A-4BAE-891F-B14EAAE9DEBD}.Debug|Any CPU.Build.0 = Debug|Any CPU
		{A6F045E6-268A-4BAE-891F-B14EAAE9DEBD}.Debug|Mixed Platforms.ActiveCfg = Debug|Any CPU
		{A6F045E6-268A-4BAE-891F-B14EAAE9DEBD}.Debug|Mixed Platforms.Build.0 = Debug|Any CPU
		{A6F045E6-268A-4BAE-891F-B14EAAE9DEBD}.Debug|x86.ActiveCfg = Debug|Any CPU
		{A6F045E6-268A-4BAE-891F-B14EAAE9DEBD}.Release|Any CPU.ActiveCfg = Release|Any CPU
		{A6F045E6-268A-4BAE-891F-B14EAAE9DEBD}.Release|Any CPU.Build.0 = Release|Any CPU
		{A6F045E6-268A-4BAE-891F-B14EAAE9DEBD}.Release|Mixed Platforms.ActiveCfg = Release|Any CPU
		{A6F045E6-268A-4BAE-891F-B14EAAE9DEBD}.Release|Mixed Platforms.Build.0 = Release|Any CPU
		{A6F045E6-268A-4BAE-891F-B14EAAE9DEBD}.Release|x86.ActiveCfg = Release|Any CPU
		{31E07C1F-8D93-490F-8CBC-0254994C724B}.Debug|Any CPU.ActiveCfg = Debug|x86
		{31E07C1F-8D93-490F-8CBC-0254994C724B}.Debug|Mixed Platforms.ActiveCfg = Debug|x86
		{31E07C1F-8D93-490F-8CBC-0254994C724B}.Debug|Mixed Platforms.Build.0 = Debug|x86
		{31E07C1F-8D93-490F-8CBC-0254994C724B}.Debug|x86.ActiveCfg = Debug|x86
		{31E07C1F-8D93-490F-8CBC-0254994C724B}.Debug|x86.Build.0 = Debug|x86
		{31E07C1F-8D93-490F-8CBC-0254994C724B}.Release|Any CPU.ActiveCfg = Release|x86
		{31E07C1F-8D93-490F-8CBC-0254994C724B}.Release|Mixed Platforms.ActiveCfg = Release|x86
		{31E07C1F-8D93-490F-8CBC-0254994C724B}.Release|Mixed Platforms.Build.0 = Release|x86
		{31E07C1F-8D93-490F-8CBC-0254994C724B}.Release|x86.ActiveCfg = Release|x86
		{31E07C1F-8D93-490F-8CBC-0254994C724B}.Release|x86.Build.0 = Release|x86
		{11C00DCD-5984-431A-A094-B1CC13221FDF}.Debug|Any CPU.ActiveCfg = Debug|Any CPU
		{11C00DCD-5984-431A-A094-B1CC13221FDF}.Debug|Any CPU.Build.0 = Debug|Any CPU
		{11C00DCD-5984-431A-A094-B1CC13221FDF}.Debug|Mixed Platforms.ActiveCfg = Debug|Any CPU
		{11C00DCD-5984-431A-A094-B1CC13221FDF}.Debug|Mixed Platforms.Build.0 = Debug|Any CPU
		{11C00DCD-5984-431A-A094-B1CC13221FDF}.Debug|x86.ActiveCfg = Debug|Any CPU
		{11C00DCD-5984-431A-A094-B1CC13221FDF}.Release|Any CPU.ActiveCfg = Release|Any CPU
		{11C00DCD-5984-431A-A094-B1CC13221FDF}.Release|Any CPU.Build.0 = Release|Any CPU
		{11C00DCD-5984-431A-A094-B1CC13221FDF}.Release|Mixed Platforms.ActiveCfg = Release|Any CPU
		{11C00DCD-5984-431A-A094-B1CC13221FDF}.Release|Mixed Platforms.Build.0 = Release|Any CPU
		{11C00DCD-5984-431A-A094-B1CC13221FDF}.Release|x86.ActiveCfg = Release|Any CPU
	EndGlobalSection
	GlobalSection(SolutionProperties) = preSolution
		HideSolutionNode = FALSE
	EndGlobalSection
EndGlobal
